
Microsoft Visual Studio Solution File, Format Version 12.00
# Visual Studio Version 16
VisualStudioVersion = 16.0.30320.27
MinimumVisualStudioVersion = 10.0.40219.1
Project("{8BC9CEB8-8B4A-11D0-8D11-00A0C91BC942}") = "dfg", "dfg\dfg.vcxproj", "{04F28C3C-97CB-4632-80AE-0F1F4572913B}"
EndProject
Global
	GlobalSection(SolutionConfigurationPlatforms) = preSolution
		Debug|x64 = Debug|x64
		Debug|x86 = Debug|x86
		Release|x64 = Release|x64
		Release|x86 = Release|x86
	EndGlobalSection
	GlobalSection(ProjectConfigurationPlatforms) = postSolution
		{04F28C3C-97CB-4632-80AE-0F1F4572913B}.Debug|x64.ActiveCfg = Debug|x64
		{04F28C3C-97CB-4632-80AE-0F1F4572913B}.Debug|x64.Build.0 = Debug|x64
		{04F28C3C-97CB-4632-80AE-0F1F4572913B}.Debug|x86.ActiveCfg = Debug|Win32
		{04F28C3C-97CB-4632-80AE-0F1F4572913B}.Debug|x86.Build.0 = Debug|Win32
		{04F28C3C-97CB-4632-80AE-0F1F4572913B}.Release|x64.ActiveCfg = Release|x64
		{04F28C3C-97CB-4632-80AE-0F1F4572913B}.Release|x64.Build.0 = Release|x64
		{04F28C3C-97CB-4632-80AE-0F1F4572913B}.Release|x86.ActiveCfg = Release|Win32
		{04F28C3C-97CB-4632-80AE-0F1F4572913B}.Release|x86.Build.0 = Release|Win32
	EndGlobalSection
	GlobalSection(SolutionProperties) = preSolution
		HideSolutionNode = FALSE
	EndGlobalSection
	GlobalSection(ExtensibilityGlobals) = postSolution
		SolutionGuid = {DBE1E2A1-9D5F-4420-9819-E96D00319434}
	EndGlobalSection
EndGlobal
